// !$*UTF8*$!
{
	archiveVersion = 1;
	classes = {
	};
	objectVersion = 56;
	objects = {

/* Begin PBXBuildFile section */
		FFFE8D5A2C927A7100CC8F89 /* AppDelegate.swift in Sources */ = {isa = PBXBuildFile; fileRef = FFFE8D592C927A7100CC8F89 /* AppDelegate.swift */; };
		FFFE8D5C2C927A7100CC8F89 /* SceneDelegate.swift in Sources */ = {isa = PBXBuildFile; fileRef = FFFE8D5B2C927A7100CC8F89 /* SceneDelegate.swift */; };
		FFFE8D5E2C927A7100CC8F89 /* ViewController.swift in Sources */ = {isa = PBXBuildFile; fileRef = FFFE8D5D2C927A7100CC8F89 /* ViewController.swift */; };
		FFFE8D612C927A7100CC8F89 /* Base in Resources */ = {isa = PBXBuildFile; fileRef = FFFE8D602C927A7100CC8F89 /* Base */; };
		FFFE8D632C927A7200CC8F89 /* Assets.xcassets in Resources */ = {isa = PBXBuildFile; fileRef = FFFE8D622C927A7200CC8F89 /* Assets.xcassets */; };
		FFFE8D662C927A7200CC8F89 /* Base in Resources */ = {isa = PBXBuildFile; fileRef = FFFE8D652C927A7200CC8F89 /* Base */; };
		FFFE8D712C927A7200CC8F89 /* Egg_TimerTests.swift in Sources */ = {isa = PBXBuildFile; fileRef = FFFE8D702C927A7200CC8F89 /* Egg_TimerTests.swift */; };
		FFFE8D7B2C927A7200CC8F89 /* Egg_TimerUITests.swift in Sources */ = {isa = PBXBuildFile; fileRef = FFFE8D7A2C927A7200CC8F89 /* Egg_TimerUITests.swift */; };
		FFFE8D7D2C927A7200CC8F89 /* Egg_TimerUITestsLaunchTests.swift in Sources */ = {isa = PBXBuildFile; fileRef = FFFE8D7C2C927A7200CC8F89 /* Egg_TimerUITestsLaunchTests.swift */; };
/* End PBXBuildFile section */

/* Begin PBXContainerItemProxy section */
		FFFE8D6D2C927A7200CC8F89 /* PBXContainerItemProxy */ = {
			isa = PBXContainerItemProxy;
			containerPortal = FFFE8D4E2C927A7100CC8F89 /* Project object */;
			proxyType = 1;
			remoteGlobalIDString = FFFE8D552C927A7100CC8F89;
			remoteInfo = "Egg-Timer";
		};
		FFFE8D772C927A7200CC8F89 /* PBXContainerItemProxy */ = {
			isa = PBXContainerItemProxy;
			containerPortal = FFFE8D4E2C927A7100CC8F89 /* Project object */;
			proxyType = 1;
			remoteGlobalIDString = FFFE8D552C927A7100CC8F89;
			remoteInfo = "Egg-Timer";
		};
/* End PBXContainerItemProxy section */

/* Begin PBXFileReference section */
		FFFE8D562C927A7100CC8F89 /* Egg-Timer.app */ = {isa = PBXFileReference; explicitFileType = wrapper.application; includeInIndex = 0; path = "Egg-Timer.app"; sourceTree = BUILT_PRODUCTS_DIR; };
		FFFE8D592C927A7100CC8F89 /* AppDelegate.swift */ = {isa = PBXFileReference; lastKnownFileType = sourcecode.swift; path = AppDelegate.swift; sourceTree = "<group>"; };
		FFFE8D5B2C927A7100CC8F89 /* SceneDelegate.swift */ = {isa = PBXFileReference; lastKnownFileType = sourcecode.swift; path = SceneDelegate.swift; sourceTree = "<group>"; };
		FFFE8D5D2C927A7100CC8F89 /* ViewController.swift */ = {isa = PBXFileReference; lastKnownFileType = sourcecode.swift; path = ViewController.swift; sourceTree = "<group>"; };
		FFFE8D602C927A7100CC8F89 /* Base */ = {isa = PBXFileReference; lastKnownFileType = file.storyboard; name = Base; path = Base.lproj/Main.storyboard; sourceTree = "<group>"; };
		FFFE8D622C927A7200CC8F89 /* Assets.xcassets */ = {isa = PBXFileReference; lastKnownFileType = folder.assetcatalog; path = Assets.xcassets; sourceTree = "<group>"; };
		FFFE8D652C927A7200CC8F89 /* Base */ = {isa = PBXFileReference; lastKnownFileType = file.storyboard; name = Base; path = Base.lproj/LaunchScreen.storyboard; sourceTree = "<group>"; };
		FFFE8D672C927A7200CC8F89 /* Info.plist */ = {isa = PBXFileReference; lastKnownFileType = text.plist.xml; path = Info.plist; sourceTree = "<group>"; };
		FFFE8D6C2C927A7200CC8F89 /* Egg-TimerTests.xctest */ = {isa = PBXFileReference; explicitFileType = wrapper.cfbundle; includeInIndex = 0; path = "Egg-TimerTests.xctest"; sourceTree = BUILT_PRODUCTS_DIR; };
		FFFE8D702C927A7200CC8F89 /* Egg_TimerTests.swift */ = {isa = PBXFileReference; lastKnownFileType = sourcecode.swift; path = Egg_TimerTests.swift; sourceTree = "<group>"; };
		FFFE8D762C927A7200CC8F89 /* Egg-TimerUITests.xctest */ = {isa = PBXFileReference; explicitFileType = wrapper.cfbundle; includeInIndex = 0; path = "Egg-TimerUITests.xctest"; sourceTree = BUILT_PRODUCTS_DIR; };
		FFFE8D7A2C927A7200CC8F89 /* Egg_TimerUITests.swift */ = {isa = PBXFileReference; lastKnownFileType = sourcecode.swift; path = Egg_TimerUITests.swift; sourceTree = "<group>"; };
		FFFE8D7C2C927A7200CC8F89 /* Egg_TimerUITestsLaunchTests.swift */ = {isa = PBXFileReference; lastKnownFileType = sourcecode.swift; path = Egg_TimerUITestsLaunchTests.swift; sourceTree = "<group>"; };
/* End PBXFileReference section */

/* Begin PBXFrameworksBuildPhase section */
		FFFE8D532C927A7100CC8F89 /* Frameworks */ = {
			isa = PBXFrameworksBuildPhase;
			buildActionMask = 2147483647;
			files = (
			);
			runOnlyForDeploymentPostprocessing = 0;
		};
		FFFE8D692C927A7200CC8F89 /* Frameworks */ = {
			isa = PBXFrameworksBuildPhase;
			buildActionMask = 2147483647;
			files = (
			);
			runOnlyForDeploymentPostprocessing = 0;
		};
		FFFE8D732C927A7200CC8F89 /* Frameworks */ = {
			isa = PBXFrameworksBuildPhase;
			buildActionMask = 2147483647;
			files = (
			);
			runOnlyForDeploymentPostprocessing = 0;
		};
/* End PBXFrameworksBuildPhase section */

/* Begin PBXGroup section */
		FFFE8D4D2C927A7100CC8F89 = {
			isa = PBXGroup;
			children = (
				FFFE8D582C927A7100CC8F89 /* Egg-Timer */,
				FFFE8D6F2C927A7200CC8F89 /* Egg-TimerTests */,
				FFFE8D792C927A7200CC8F89 /* Egg-TimerUITests */,
				FFFE8D572C927A7100CC8F89 /* Products */,
			);
			sourceTree = "<group>";
		};
		FFFE8D572C927A7100CC8F89 /* Products */ = {
			isa = PBXGroup;
			children = (
				FFFE8D562C927A7100CC8F89 /* Egg-Timer.app */,
				FFFE8D6C2C927A7200CC8F89 /* Egg-TimerTests.xctest */,
				FFFE8D762C927A7200CC8F89 /* Egg-TimerUITests.xctest */,
			);
			name = Products;
			sourceTree = "<group>";
		};
		FFFE8D582C927A7100CC8F89 /* Egg-Timer */ = {
			isa = PBXGroup;
			children = (
				FFFE8D592C927A7100CC8F89 /* AppDelegate.swift */,
				FFFE8D5B2C927A7100CC8F89 /* SceneDelegate.swift */,
				FFFE8D5D2C927A7100CC8F89 /* ViewController.swift */,
				FFFE8D5F2C927A7100CC8F89 /* Main.storyboard */,
				FFFE8D622C927A7200CC8F89 /* Assets.xcassets */,
				FFFE8D642C927A7200CC8F89 /* LaunchScreen.storyboard */,
				FFFE8D672C927A7200CC8F89 /* Info.plist */,
			);
			path = "Egg-Timer";
			sourceTree = "<group>";
		};
		FFFE8D6F2C927A7200CC8F89 /* Egg-TimerTests */ = {
			isa = PBXGroup;
			children = (
				FFFE8D702C927A7200CC8F89 /* Egg_TimerTests.swift */,
			);
			path = "Egg-TimerTests";
			sourceTree = "<group>";
		};
		FFFE8D792C927A7200CC8F89 /* Egg-TimerUITests */ = {
			isa = PBXGroup;
			children = (
				FFFE8D7A2C927A7200CC8F89 /* Egg_TimerUITests.swift */,
				FFFE8D7C2C927A7200CC8F89 /* Egg_TimerUITestsLaunchTests.swift */,
			);
			path = "Egg-TimerUITests";
			sourceTree = "<group>";
		};
/* End PBXGroup section */

/* Begin PBXNativeTarget section */
		FFFE8D552C927A7100CC8F89 /* Egg-Timer */ = {
			isa = PBXNativeTarget;
			buildConfigurationList = FFFE8D802C927A7200CC8F89 /* Build configuration list for PBXNativeTarget "Egg-Timer" */;
			buildPhases = (
				FFFE8D522C927A7100CC8F89 /* Sources */,
				FFFE8D532C927A7100CC8F89 /* Frameworks */,
				FFFE8D542C927A7100CC8F89 /* Resources */,
			);
			buildRules = (
			);
			dependencies = (
			);
			name = "Egg-Timer";
			productName = "Egg-Timer";
			productReference = FFFE8D562C927A7100CC8F89 /* Egg-Timer.app */;
			productType = "com.apple.product-type.application";
		};
		FFFE8D6B2C927A7200CC8F89 /* Egg-TimerTests */ = {
			isa = PBXNativeTarget;
			buildConfigurationList = FFFE8D832C927A7200CC8F89 /* Build configuration list for PBXNativeTarget "Egg-TimerTests" */;
			buildPhases = (
				FFFE8D682C927A7200CC8F89 /* Sources */,
				FFFE8D692C927A7200CC8F89 /* Frameworks */,
				FFFE8D6A2C927A7200CC8F89 /* Resources */,
			);
			buildRules = (
			);
			dependencies = (
				FFFE8D6E2C927A7200CC8F89 /* PBXTargetDependency */,
			);
			name = "Egg-TimerTests";
			productName = "Egg-TimerTests";
			productReference = FFFE8D6C2C927A7200CC8F89 /* Egg-TimerTests.xctest */;
			productType = "com.apple.product-type.bundle.unit-test";
		};
		FFFE8D752C927A7200CC8F89 /* Egg-TimerUITests */ = {
			isa = PBXNativeTarget;
			buildConfigurationList = FFFE8D862C927A7200CC8F89 /* Build configuration list for PBXNativeTarget "Egg-TimerUITests" */;
			buildPhases = (
				FFFE8D722C927A7200CC8F89 /* Sources */,
				FFFE8D732C927A7200CC8F89 /* Frameworks */,
				FFFE8D742C927A7200CC8F89 /* Resources */,
			);
			buildRules = (
			);
			dependencies = (
				FFFE8D782C927A7200CC8F89 /* PBXTargetDependency */,
			);
			name = "Egg-TimerUITests";
			productName = "Egg-TimerUITests";
			productReference = FFFE8D762C927A7200CC8F89 /* Egg-TimerUITests.xctest */;
			productType = "com.apple.product-type.bundle.ui-testing";
		};
/* End PBXNativeTarget section */

/* Begin PBXProject section */
		FFFE8D4E2C927A7100CC8F89 /* Project object */ = {
			isa = PBXProject;
			attributes = {
				BuildIndependentTargetsInParallel = 1;
				LastSwiftUpdateCheck = 1540;
				LastUpgradeCheck = 1540;
				TargetAttributes = {
					FFFE8D552C927A7100CC8F89 = {
						CreatedOnToolsVersion = 15.4;
					};
					FFFE8D6B2C927A7200CC8F89 = {
						CreatedOnToolsVersion = 15.4;
						TestTargetID = FFFE8D552C927A7100CC8F89;
					};
					FFFE8D752C927A7200CC8F89 = {
						CreatedOnToolsVersion = 15.4;
						TestTargetID = FFFE8D552C927A7100CC8F89;
					};
				};
			};
			buildConfigurationList = FFFE8D512C927A7100CC8F89 /* Build configuration list for PBXProject "Egg-Timer" */;
			compatibilityVersion = "Xcode 14.0";
			developmentRegion = en;
			hasScannedForEncodings = 0;
			knownRegions = (
				en,
				Base,
			);
			mainGroup = FFFE8D4D2C927A7100CC8F89;
			productRefGroup = FFFE8D572C927A7100CC8F89 /* Products */;
			projectDirPath = "";
			projectRoot = "";
			targets = (
				FFFE8D552C927A7100CC8F89 /* Egg-Timer */,
				FFFE8D6B2C927A7200CC8F89 /* Egg-TimerTests */,
				FFFE8D752C927A7200CC8F89 /* Egg-TimerUITests */,
			);
		};
/* End PBXProject section */

/* Begin PBXResourcesBuildPhase section */
		FFFE8D542C927A7100CC8F89 /* Resources */ = {
			isa = PBXResourcesBuildPhase;
			buildActionMask = 2147483647;
			files = (
				FFFE8D632C927A7200CC8F89 /* Assets.xcassets in Resources */,
				FFFE8D662C927A7200CC8F89 /* Base in Resources */,
				FFFE8D612C927A7100CC8F89 /* Base in Resources */,
			);
			runOnlyForDeploymentPostprocessing = 0;
		};
		FFFE8D6A2C927A7200CC8F89 /* Resources */ = {
			isa = PBXResourcesBuildPhase;
			buildActionMask = 2147483647;
			files = (
			);
			runOnlyForDeploymentPostprocessing = 0;
		};
		FFFE8D742C927A7200CC8F89 /* Resources */ = {
			isa = PBXResourcesBuildPhase;
			buildActionMask = 2147483647;
			files = (
			);
			runOnlyForDeploymentPostprocessing = 0;
		};
/* End PBXResourcesBuildPhase section */

/* Begin PBXSourcesBuildPhase section */
		FFFE8D522C927A7100CC8F89 /* Sources */ = {
			isa = PBXSourcesBuildPhase;
			buildActionMask = 2147483647;
			files = (
				FFFE8D5E2C927A7100CC8F89 /* ViewController.swift in Sources */,
				FFFE8D5A2C927A7100CC8F89 /* AppDelegate.swift in Sources */,
				FFFE8D5C2C927A7100CC8F89 /* SceneDelegate.swift in Sources */,
			);
			runOnlyForDeploymentPostprocessing = 0;
		};
		FFFE8D682C927A7200CC8F89 /* Sources */ = {
			isa = PBXSourcesBuildPhase;
			buildActionMask = 2147483647;
			files = (
				FFFE8D712C927A7200CC8F89 /* Egg_TimerTests.swift in Sources */,
			);
			runOnlyForDeploymentPostprocessing = 0;
		};
		FFFE8D722C927A7200CC8F89 /* Sources */ = {
			isa = PBXSourcesBuildPhase;
			buildActionMask = 2147483647;
			files = (
				FFFE8D7D2C927A7200CC8F89 /* Egg_TimerUITestsLaunchTests.swift in Sources */,
				FFFE8D7B2C927A7200CC8F89 /* Egg_TimerUITests.swift in Sources */,
			);
			runOnlyForDeploymentPostprocessing = 0;
		};
/* End PBXSourcesBuildPhase section */

/* Begin PBXTargetDependency section */
		FFFE8D6E2C927A7200CC8F89 /* PBXTargetDependency */ = {
			isa = PBXTargetDependency;
			target = FFFE8D552C927A7100CC8F89 /* Egg-Timer */;
			targetProxy = FFFE8D6D2C927A7200CC8F89 /* PBXContainerItemProxy */;
		};
		FFFE8D782C927A7200CC8F89 /* PBXTargetDependency */ = {
			isa = PBXTargetDependency;
			target = FFFE8D552C927A7100CC8F89 /* Egg-Timer */;
			targetProxy = FFFE8D772C927A7200CC8F89 /* PBXContainerItemProxy */;
		};
/* End PBXTargetDependency section */

/* Begin PBXVariantGroup section */
		FFFE8D5F2C927A7100CC8F89 /* Main.storyboard */ = {
			isa = PBXVariantGroup;
			children = (
				FFFE8D602C927A7100CC8F89 /* Base */,
			);
			name = Main.storyboard;
			sourceTree = "<group>";
		};
		FFFE8D642C927A7200CC8F89 /* LaunchScreen.storyboard */ = {
			isa = PBXVariantGroup;
			children = (
				FFFE8D652C927A7200CC8F89 /* Base */,
			);
			name = LaunchScreen.storyboard;
			sourceTree = "<group>";
		};
/* End PBXVariantGroup section */

/* Begin XCBuildConfiguration section */
		FFFE8D7E2C927A7200CC8F89 /* Debug */ = {
			isa = XCBuildConfiguration;
			buildSettings = {
				ALWAYS_SEARCH_USER_PATHS = NO;
				ASSETCATALOG_COMPILER_GENERATE_SWIFT_ASSET_SYMBOL_EXTENSIONS = YES;
				CLANG_ANALYZER_NONNULL = YES;
				CLANG_ANALYZER_NUMBER_OBJECT_CONVERSION = YES_AGGRESSIVE;
				CLANG_CXX_LANGUAGE_STANDARD = "gnu++20";
				CLANG_ENABLE_MODULES = YES;
				CLANG_ENABLE_OBJC_ARC = YES;
				CLANG_ENABLE_OBJC_WEAK = YES;
				CLANG_WARN_BLOCK_CAPTURE_AUTORELEASING = YES;
				CLANG_WARN_BOOL_CONVERSION = YES;
				CLANG_WARN_COMMA = YES;
				CLANG_WARN_CONSTANT_CONVERSION = YES;
				CLANG_WARN_DEPRECATED_OBJC_IMPLEMENTATIONS = YES;
				CLANG_WARN_DIRECT_OBJC_ISA_USAGE = YES_ERROR;
				CLANG_WARN_DOCUMENTATION_COMMENTS = YES;
				CLANG_WARN_EMPTY_BODY = YES;
				CLANG_WARN_ENUM_CONVERSION = YES;
				CLANG_WARN_INFINITE_RECURSION = YES;
				CLANG_WARN_INT_CONVERSION = YES;
				CLANG_WARN_NON_LITERAL_NULL_CONVERSION = YES;
				CLANG_WARN_OBJC_IMPLICIT_RETAIN_SELF = YES;
				CLANG_WARN_OBJC_LITERAL_CONVERSION = YES;
				CLANG_WARN_OBJC_ROOT_CLASS = YES_ERROR;
				CLANG_WARN_QUOTED_INCLUDE_IN_FRAMEWORK_HEADER = YES;
				CLANG_WARN_RANGE_LOOP_ANALYSIS = YES;
				CLANG_WARN_STRICT_PROTOTYPES = YES;
				CLANG_WARN_SUSPICIOUS_MOVE = YES;
				CLANG_WARN_UNGUARDED_AVAILABILITY = YES_AGGRESSIVE;
				CLANG_WARN_UNREACHABLE_CODE = YES;
				CLANG_WARN__DUPLICATE_METHOD_MATCH = YES;
				COPY_PHASE_STRIP = NO;
				DEBUG_INFORMATION_FORMAT = dwarf;
				ENABLE_STRICT_OBJC_MSGSEND = YES;
				ENABLE_TESTABILITY = YES;
				ENABLE_USER_SCRIPT_SANDBOXING = YES;
				GCC_C_LANGUAGE_STANDARD = gnu17;
				GCC_DYNAMIC_NO_PIC = NO;
				GCC_NO_COMMON_BLOCKS = YES;
				GCC_OPTIMIZATION_LEVEL = 0;
				GCC_PREPROCESSOR_DEFINITIONS = (
					"DEBUG=1",
					"$(inherited)",
				);
				GCC_WARN_64_TO_32_BIT_CONVERSION = YES;
				GCC_WARN_ABOUT_RETURN_TYPE = YES_ERROR;
				GCC_WARN_UNDECLARED_SELECTOR = YES;
				GCC_WARN_UNINITIALIZED_AUTOS = YES_AGGRESSIVE;
				GCC_WARN_UNUSED_FUNCTION = YES;
				GCC_WARN_UNUSED_VARIABLE = YES;
				IPHONEOS_DEPLOYMENT_TARGET = 17.5;
				LOCALIZATION_PREFERS_STRING_CATALOGS = YES;
				MTL_ENABLE_DEBUG_INFO = INCLUDE_SOURCE;
				MTL_FAST_MATH = YES;
				ONLY_ACTIVE_ARCH = YES;
				SDKROOT = iphoneos;
				SWIFT_ACTIVE_COMPILATION_CONDITIONS = "DEBUG $(inherited)";
				SWIFT_OPTIMIZATION_LEVEL = "-Onone";
			};
			name = Debug;
		};
		FFFE8D7F2C927A7200CC8F89 /* Release */ = {
			isa = XCBuildConfiguration;
			buildSettings = {
				ALWAYS_SEARCH_USER_PATHS = NO;
				ASSETCATALOG_COMPILER_GENERATE_SWIFT_ASSET_SYMBOL_EXTENSIONS = YES;
				CLANG_ANALYZER_NONNULL = YES;
				CLANG_ANALYZER_NUMBER_OBJECT_CONVERSION = YES_AGGRESSIVE;
				CLANG_CXX_LANGUAGE_STANDARD = "gnu++20";
				CLANG_ENABLE_MODULES = YES;
				CLANG_ENABLE_OBJC_ARC = YES;
				CLANG_ENABLE_OBJC_WEAK = YES;
				CLANG_WARN_BLOCK_CAPTURE_AUTORELEASING = YES;
				CLANG_WARN_BOOL_CONVERSION = YES;
				CLANG_WARN_COMMA = YES;
				CLANG_WARN_CONSTANT_CONVERSION = YES;
				CLANG_WARN_DEPRECATED_OBJC_IMPLEMENTATIONS = YES;
				CLANG_WARN_DIRECT_OBJC_ISA_USAGE = YES_ERROR;
				CLANG_WARN_DOCUMENTATION_COMMENTS = YES;
				CLANG_WARN_EMPTY_BODY = YES;
				CLANG_WARN_ENUM_CONVERSION = YES;
				CLANG_WARN_INFINITE_RECURSION = YES;
				CLANG_WARN_INT_CONVERSION = YES;
				CLANG_WARN_NON_LITERAL_NULL_CONVERSION = YES;
				CLANG_WARN_OBJC_IMPLICIT_RETAIN_SELF = YES;
				CLANG_WARN_OBJC_LITERAL_CONVERSION = YES;
				CLANG_WARN_OBJC_ROOT_CLASS = YES_ERROR;
				CLANG_WARN_QUOTED_INCLUDE_IN_FRAMEWORK_HEADER = YES;
				CLANG_WARN_RANGE_LOOP_ANALYSIS = YES;
				CLANG_WARN_STRICT_PROTOTYPES = YES;
				CLANG_WARN_SUSPICIOUS_MOVE = YES;
				CLANG_WARN_UNGUARDED_AVAILABILITY = YES_AGGRESSIVE;
				CLANG_WARN_UNREACHABLE_CODE = YES;
				CLANG_WARN__DUPLICATE_METHOD_MATCH = YES;
				COPY_PHASE_STRIP = NO;
				DEBUG_INFORMATION_FORMAT = "dwarf-with-dsym";
				ENABLE_NS_ASSERTIONS = NO;
				ENABLE_STRICT_OBJC_MSGSEND = YES;
				ENABLE_USER_SCRIPT_SANDBOXING = YES;
				GCC_C_LANGUAGE_STANDARD = gnu17;
				GCC_NO_COMMON_BLOCKS = YES;
				GCC_WARN_64_TO_32_BIT_CONVERSION = YES;
				GCC_WARN_ABOUT_RETURN_TYPE = YES_ERROR;
				GCC_WARN_UNDECLARED_SELECTOR = YES;
				GCC_WARN_UNINITIALIZED_AUTOS = YES_AGGRESSIVE;
				GCC_WARN_UNUSED_FUNCTION = YES;
				GCC_WARN_UNUSED_VARIABLE = YES;
				IPHONEOS_DEPLOYMENT_TARGET = 17.5;
				LOCALIZATION_PREFERS_STRING_CATALOGS = YES;
				MTL_ENABLE_DEBUG_INFO = NO;
				MTL_FAST_MATH = YES;
				SDKROOT = iphoneos;
				SWIFT_COMPILATION_MODE = wholemodule;
				VALIDATE_PRODUCT = YES;
			};
			name = Release;
		};
		FFFE8D812C927A7200CC8F89 /* Debug */ = {
			isa = XCBuildConfiguration;
			buildSettings = {
				ASSETCATALOG_COMPILER_APPICON_NAME = AppIcon;
				ASSETCATALOG_COMPILER_GLOBAL_ACCENT_COLOR_NAME = AccentColor;
				CODE_SIGN_STYLE = Automatic;
				CURRENT_PROJECT_VERSION = 1;
				GENERATE_INFOPLIST_FILE = YES;
				INFOPLIST_FILE = "Egg-Timer/Info.plist";
				INFOPLIST_KEY_UIApplicationSupportsIndirectInputEvents = YES;
				INFOPLIST_KEY_UILaunchStoryboardName = LaunchScreen;
				INFOPLIST_KEY_UIMainStoryboardFile = Main;
				INFOPLIST_KEY_UISupportedInterfaceOrientations_iPad = "UIInterfaceOrientationPortrait UIInterfaceOrientationPortraitUpsideDown UIInterfaceOrientationLandscapeLeft UIInterfaceOrientationLandscapeRight";
				INFOPLIST_KEY_UISupportedInterfaceOrientations_iPhone = "UIInterfaceOrientationPortrait UIInterfaceOrientationLandscapeLeft UIInterfaceOrientationLandscapeRight";
				LD_RUNPATH_SEARCH_PATHS = (
					"$(inherited)",
					"@executable_path/Frameworks",
				);
				MARKETING_VERSION = 1.0;
				PRODUCT_BUNDLE_IDENTIFIER = "com.Jo.Egg-Timer";
				PRODUCT_NAME = "$(TARGET_NAME)";
				SWIFT_EMIT_LOC_STRINGS = YES;
				SWIFT_VERSION = 5.0;
				TARGETED_DEVICE_FAMILY = "1,2";
			};
			name = Debug;
		};
		FFFE8D822C927A7200CC8F89 /* Release */ = {
			isa = XCBuildConfiguration;
			buildSettings = {
				ASSETCATALOG_COMPILER_APPICON_NAME = AppIcon;
				ASSETCATALOG_COMPILER_GLOBAL_ACCENT_COLOR_NAME = AccentColor;
				CODE_SIGN_STYLE = Automatic;
				CURRENT_PROJECT_VERSION = 1;
				GENERATE_INFOPLIST_FILE = YES;
				INFOPLIST_FILE = "Egg-Timer/Info.plist";
				INFOPLIST_KEY_UIApplicationSupportsIndirectInputEvents = YES;
				INFOPLIST_KEY_UILaunchStoryboardName = LaunchScreen;
				INFOPLIST_KEY_UIMainStoryboardFile = Main;
				INFOPLIST_KEY_UISupportedInterfaceOrientations_iPad = "UIInterfaceOrientationPortrait UIInterfaceOrientationPortraitUpsideDown UIInterfaceOrientationLandscapeLeft UIInterfaceOrientationLandscapeRight";
				INFOPLIST_KEY_UISupportedInterfaceOrientations_iPhone = "UIInterfaceOrientationPortrait UIInterfaceOrientationLandscapeLeft UIInterfaceOrientationLandscapeRight";
				LD_RUNPATH_SEARCH_PATHS = (
					"$(inherited)",
					"@executable_path/Frameworks",
				);
				MARKETING_VERSION = 1.0;
				PRODUCT_BUNDLE_IDENTIFIER = "com.Jo.Egg-Timer";
				PRODUCT_NAME = "$(TARGET_NAME)";
				SWIFT_EMIT_LOC_STRINGS = YES;
				SWIFT_VERSION = 5.0;
				TARGETED_DEVICE_FAMILY = "1,2";
			};
			name = Release;
		};
		FFFE8D842C927A7200CC8F89 /* Debug */ = {
			isa = XCBuildConfiguration;
			buildSettings = {
				ALWAYS_EMBED_SWIFT_STANDARD_LIBRARIES = YES;
				BUNDLE_LOADER = "$(TEST_HOST)";
				CODE_SIGN_STYLE = Automatic;
				CURRENT_PROJECT_VERSION = 1;
				GENERATE_INFOPLIST_FILE = YES;
				IPHONEOS_DEPLOYMENT_TARGET = 17.5;
				MARKETING_VERSION = 1.0;
				PRODUCT_BUNDLE_IDENTIFIER = "com.Jo.Egg-TimerTests";
				PRODUCT_NAME = "$(TARGET_NAME)";
				SWIFT_EMIT_LOC_STRINGS = NO;
				SWIFT_VERSION = 5.0;
				TARGETED_DEVICE_FAMILY = "1,2";
				TEST_HOST = "$(BUILT_PRODUCTS_DIR)/Egg-Timer.app/$(BUNDLE_EXECUTABLE_FOLDER_PATH)/Egg-Timer";
			};
			name = Debug;
		};
		FFFE8D852C927A7200CC8F89 /* Release */ = {
			isa = XCBuildConfiguration;
			buildSettings = {
				ALWAYS_EMBED_SWIFT_STANDARD_LIBRARIES = YES;
				BUNDLE_LOADER = "$(TEST_HOST)";
				CODE_SIGN_STYLE = Automatic;
				CURRENT_PROJECT_VERSION = 1;
				GENERATE_INFOPLIST_FILE = YES;
				IPHONEOS_DEPLOYMENT_TARGET = 17.5;
				MARKETING_VERSION = 1.0;
				PRODUCT_BUNDLE_IDENTIFIER = "com.Jo.Egg-TimerTests";
				PRODUCT_NAME = "$(TARGET_NAME)";
				SWIFT_EMIT_LOC_STRINGS = NO;
				SWIFT_VERSION = 5.0;
				TARGETED_DEVICE_FAMILY = "1,2";
				TEST_HOST = "$(BUILT_PRODUCTS_DIR)/Egg-Timer.app/$(BUNDLE_EXECUTABLE_FOLDER_PATH)/Egg-Timer";
			};
			name = Release;
		};
		FFFE8D872C927A7200CC8F89 /* Debug */ = {
			isa = XCBuildConfiguration;
			buildSettings = {
				ALWAYS_EMBED_SWIFT_STANDARD_LIBRARIES = YES;
				CODE_SIGN_STYLE = Automatic;
				CURRENT_PROJECT_VERSION = 1;
				GENERATE_INFOPLIST_FILE = YES;
				MARKETING_VERSION = 1.0;
				PRODUCT_BUNDLE_IDENTIFIER = "com.Jo.Egg-TimerUITests";
				PRODUCT_NAME = "$(TARGET_NAME)";
				SWIFT_EMIT_LOC_STRINGS = NO;
				SWIFT_VERSION = 5.0;
				TARGETED_DEVICE_FAMILY = "1,2";
				TEST_TARGET_NAME = "Egg-Timer";
			};
			name = Debug;
		};
		FFFE8D882C927A7200CC8F89 /* Release */ = {
			isa = XCBuildConfiguration;
			buildSettings = {
				ALWAYS_EMBED_SWIFT_STANDARD_LIBRARIES = YES;
				CODE_SIGN_STYLE = Automatic;
				CURRENT_PROJECT_VERSION = 1;
				GENERATE_INFOPLIST_FILE = YES;
				MARKETING_VERSION = 1.0;
				PRODUCT_BUNDLE_IDENTIFIER = "com.Jo.Egg-TimerUITests";
				PRODUCT_NAME = "$(TARGET_NAME)";
				SWIFT_EMIT_LOC_STRINGS = NO;
				SWIFT_VERSION = 5.0;
				TARGETED_DEVICE_FAMILY = "1,2";
				TEST_TARGET_NAME = "Egg-Timer";
			};
			name = Release;
		};
/* End XCBuildConfiguration section */

/* Begin XCConfigurationList section */
		FFFE8D512C927A7100CC8F89 /* Build configuration list for PBXProject "Egg-Timer" */ = {
			isa = XCConfigurationList;
			buildConfigurations = (
				FFFE8D7E2C927A7200CC8F89 /* Debug */,
				FFFE8D7F2C927A7200CC8F89 /* Release */,
			);
			defaultConfigurationIsVisible = 0;
			defaultConfigurationName = Release;
		};
		FFFE8D802C927A7200CC8F89 /* Build configuration list for PBXNativeTarget "Egg-Timer" */ = {
			isa = XCConfigurationList;
			buildConfigurations = (
				FFFE8D812C927A7200CC8F89 /* Debug */,
				FFFE8D822C927A7200CC8F89 /* Release */,
			);
			defaultConfigurationIsVisible = 0;
			defaultConfigurationName = Release;
		};
		FFFE8D832C927A7200CC8F89 /* Build configuration list for PBXNativeTarget "Egg-TimerTests" */ = {
			isa = XCConfigurationList;
			buildConfigurations = (
				FFFE8D842C927A7200CC8F89 /* Debug */,
				FFFE8D852C927A7200CC8F89 /* Release */,
			);
			defaultConfigurationIsVisible = 0;
			defaultConfigurationName = Release;
		};
		FFFE8D862C927A7200CC8F89 /* Build configuration list for PBXNativeTarget "Egg-TimerUITests" */ = {
			isa = XCConfigurationList;
			buildConfigurations = (
				FFFE8D872C927A7200CC8F89 /* Debug */,
				FFFE8D882C927A7200CC8F89 /* Release */,
			);
			defaultConfigurationIsVisible = 0;
			defaultConfigurationName = Release;
		};
/* End XCConfigurationList section */
	};
	rootObject = FFFE8D4E2C927A7100CC8F89 /* Project object */;
}
